
Microsoft Visual Studio Solution File, Format Version 12.00
# Visual Studio Version 16
VisualStudioVersion = 16.0.30804.86
MinimumVisualStudioVersion = 10.0.40219.1
Project("{2150E333-8FDC-42A3-9474-1A3956D46DE8}") = "DomainLayer", "DomainLayer", "{FBAE4152-B3D8-49CF-98F7-413C0E33F231}"
EndProject
Project("{2150E333-8FDC-42A3-9474-1A3956D46DE8}") = "InfraLAyer", "InfraLAyer", "{94209258-0086-45F1-87B0-E393107BB01E}"
EndProject
Project("{2150E333-8FDC-42A3-9474-1A3956D46DE8}") = "PresentationLayer", "PresentationLayer", "{AD02CCC4-41EA-41A0-8AAB-21ADA9217EF1}"
EndProject
Project("{FAE04EC0-301F-11D3-BF4B-00C04F79EFBC}") = "Domain", "Domain\Domain\Domain.csproj", "{2D0434A5-021D-4922-A846-CB023DB87FB9}"
EndProject
Project("{FAE04EC0-301F-11D3-BF4B-00C04F79EFBC}") = "Infra", "Infra\Infra\Infra.csproj", "{3B7262E5-E126-42E9-A2F4-DF220E33BC91}"
EndProject
Project("{FAE04EC0-301F-11D3-BF4B-00C04F79EFBC}") = "ERP", "PresentationLayer\ERP\ERP.csproj", "{6B77CB70-2DD4-4794-91CC-712EB6CA059E}"
EndProject
Global
	GlobalSection(SolutionConfigurationPlatforms) = preSolution
		Debug|Any CPU = Debug|Any CPU
		Release|Any CPU = Release|Any CPU
	EndGlobalSection
	GlobalSection(ProjectConfigurationPlatforms) = postSolution
		{2D0434A5-021D-4922-A846-CB023DB87FB9}.Debug|Any CPU.ActiveCfg = Debug|Any CPU
		{2D0434A5-021D-4922-A846-CB023DB87FB9}.Debug|Any CPU.Build.0 = Debug|Any CPU
		{2D0434A5-021D-4922-A846-CB023DB87FB9}.Release|Any CPU.ActiveCfg = Release|Any CPU
		{2D0434A5-021D-4922-A846-CB023DB87FB9}.Release|Any CPU.Build.0 = Release|Any CPU
		{3B7262E5-E126-42E9-A2F4-DF220E33BC91}.Debug|Any CPU.ActiveCfg = Debug|Any CPU
		{3B7262E5-E126-42E9-A2F4-DF220E33BC91}.Debug|Any CPU.Build.0 = Debug|Any CPU
		{3B7262E5-E126-42E9-A2F4-DF220E33BC91}.Release|Any CPU.ActiveCfg = Release|Any CPU
		{3B7262E5-E126-42E9-A2F4-DF220E33BC91}.Release|Any CPU.Build.0 = Release|Any CPU
		{6B77CB70-2DD4-4794-91CC-712EB6CA059E}.Debug|Any CPU.ActiveCfg = Debug|Any CPU
		{6B77CB70-2DD4-4794-91CC-712EB6CA059E}.Debug|Any CPU.Build.0 = Debug|Any CPU
		{6B77CB70-2DD4-4794-91CC-712EB6CA059E}.Release|Any CPU.ActiveCfg = Release|Any CPU
		{6B77CB70-2DD4-4794-91CC-712EB6CA059E}.Release|Any CPU.Build.0 = Release|Any CPU
	EndGlobalSection
	GlobalSection(SolutionProperties) = preSolution
		HideSolutionNode = FALSE
	EndGlobalSection
	GlobalSection(NestedProjects) = preSolution
		{2D0434A5-021D-4922-A846-CB023DB87FB9} = {FBAE4152-B3D8-49CF-98F7-413C0E33F231}
		{3B7262E5-E126-42E9-A2F4-DF220E33BC91} = {94209258-0086-45F1-87B0-E393107BB01E}
		{6B77CB70-2DD4-4794-91CC-712EB6CA059E} = {AD02CCC4-41EA-41A0-8AAB-21ADA9217EF1}
	EndGlobalSection
	GlobalSection(ExtensibilityGlobals) = postSolution
		SolutionGuid = {254B6B26-A140-4E9E-9FC1-D1DD54022E8E}
	EndGlobalSection
EndGlobal
